<?xml version="1.0" encoding="utf-8"?>
<Project ToolsVersion="4.0" xmlns="http://schemas.microsoft.com/developer/msbuild/2003">
  <ItemGroup>
    <Filter Include="Source Files">
      <UniqueIdentifier>{4FC737F1-C7A5-4376-A066-2A32D752A2FF}</UniqueIdentifier>
      <Extensions>cpp;c;cc;cxx;def;odl;idl;hpj;bat;asm;asmx</Extensions>
    </Filter>
    <Filter Include="Include Headers">
      <UniqueIdentifier>{93995380-89BD-4b04-88EB-625FBE52EBFB}</UniqueIdentifier>
      <Extensions>h;hh;hpp;hxx;hm;inl;inc;xsd</Extensions>
    </Filter>
  </ItemGroup>
  <ItemGroup>
    <ClInclude Include="Include\SynCom.h">
      <Filter>Include Headers</Filter>
    </ClInclude>
    <ClInclude Include="Include\SynComDefs.h">
      <Filter>Include Headers</Filter>
    </ClInclude>
    <ClInclude Include="Include\SynCtrl.h">
      <Filter>Include Headers</Filter>
    </ClInclude>
    <ClInclude Include="Include\SynError.h">
      <Filter>Include Headers</Filter>
    </ClInclude>
    <ClInclude Include="Include\SynKit.h">
      <Filter>Include Headers</Filter>
    </ClInclude>
    <ClInclude Include="Containers.h">
      <Filter>Source Files</Filter>
    </ClInclude>
    <ClInclude Include="TouchpadManager.h">
      <Filter>Source Files</Filter>
    </ClInclude>
    <ClInclude Include="CoordinateMapper.h">
      <Filter>Source Files</Filter>
    </ClInclude>
    <ClInclude Include="TouchProcessor.h">
      <Filter>Source Files</Filter>
    </ClInclude>
    <ClInclude Include="InputHelper.h">
      <Filter>Source Files</Filter>
    </ClInclude>
    <ClInclude Include="AbsoluteTouchCallback.h">
      <Filter>Source Files</Filter>
    </ClInclude>
    <ClInclude Include="CommandLineArgs.h">
      <Filter>Source Files</Filter>
    </ClInclude>
    <ClInclude Include="Include\SynWraps.h">
      <Filter>Include Headers</Filter>
    </ClInclude>
  </ItemGroup>
  <ItemGroup>
    <ClCompile Include="TouchpadManager.cpp">
      <Filter>Source Files</Filter>
    </ClCompile>
    <ClCompile Include="AbsoluteTouch.cpp">
      <Filter>Source Files</Filter>
    </ClCompile>
    <ClCompile Include="CoordinateMapper.cpp">
      <Filter>Source Files</Filter>
    </ClCompile>
    <ClCompile Include="TouchProcessor.cpp">
      <Filter>Source Files</Filter>
    </ClCompile>
    <ClCompile Include="CCoInitialize.h">
      <Filter>Source Files</Filter>
    </ClCompile>
    <ClCompile Include="InputHelper.cpp">
      <Filter>Source Files</Filter>
    </ClCompile>
    <ClCompile Include="AbsoluteTouchCallback.cpp">
      <Filter>Source Files</Filter>
    </ClCompile>
    <ClCompile Include="CommandLineArgs.cpp">
      <Filter>Source Files</Filter>
    </ClCompile>
  </ItemGroup>
</Project>